// !$*UTF8*$!
{
	archiveVersion = 1;
	classes = {
	};
	objectVersion = 51;
	objects = {

/* Begin PBXBuildFile section */
		7120D193529D9846D57E4B7A /* Pods_Messenger.framework in Frameworks */ = {isa = PBXBuildFile; fileRef = D8FA5335903C48B0614BAD5F /* Pods_Messenger.framework */; };
		F9BDE01E2500E5BD0037F421 /* AppDelegate.swift in Sources */ = {isa = PBXBuildFile; fileRef = F9BDE01D2500E5BD0037F421 /* AppDelegate.swift */; };
		F9BDE0202500E5BD0037F421 /* SceneDelegate.swift in Sources */ = {isa = PBXBuildFile; fileRef = F9BDE01F2500E5BD0037F421 /* SceneDelegate.swift */; };
		F9BDE0222500E5BD0037F421 /* ConversationsViewController.swift in Sources */ = {isa = PBXBuildFile; fileRef = F9BDE0212500E5BD0037F421 /* ConversationsViewController.swift */; };
		F9BDE0252500E5BD0037F421 /* Main.storyboard in Resources */ = {isa = PBXBuildFile; fileRef = F9BDE0232500E5BD0037F421 /* Main.storyboard */; };
		F9BDE0272500E5BE0037F421 /* Assets.xcassets in Resources */ = {isa = PBXBuildFile; fileRef = F9BDE0262500E5BE0037F421 /* Assets.xcassets */; };
		F9BDE02A2500E5BE0037F421 /* LaunchScreen.storyboard in Resources */ = {isa = PBXBuildFile; fileRef = F9BDE0282500E5BE0037F421 /* LaunchScreen.storyboard */; };
		F9BDE0382500E8580037F421 /* LoginViewController.swift in Sources */ = {isa = PBXBuildFile; fileRef = F9BDE0372500E8580037F421 /* LoginViewController.swift */; };
		F9BDE03A2500E8680037F421 /* RegisterViewController.swift in Sources */ = {isa = PBXBuildFile; fileRef = F9BDE0392500E8680037F421 /* RegisterViewController.swift */; };
		F9BDE03C2500E88A0037F421 /* PhotoViewerViewController.swift in Sources */ = {isa = PBXBuildFile; fileRef = F9BDE03B2500E88A0037F421 /* PhotoViewerViewController.swift */; };
		F9BDE03E2500E8970037F421 /* VideoPlayerViewController.swift in Sources */ = {isa = PBXBuildFile; fileRef = F9BDE03D2500E8970037F421 /* VideoPlayerViewController.swift */; };
		F9BDE0402500E8B10037F421 /* NewConversationViewController.swift in Sources */ = {isa = PBXBuildFile; fileRef = F9BDE03F2500E8B10037F421 /* NewConversationViewController.swift */; };
		F9BDE0422500E8C70037F421 /* ProfileViewController.swift in Sources */ = {isa = PBXBuildFile; fileRef = F9BDE0412500E8C70037F421 /* ProfileViewController.swift */; };
		F9BDE0452500EEF10037F421 /* Extensions.swift in Sources */ = {isa = PBXBuildFile; fileRef = F9BDE0442500EEF10037F421 /* Extensions.swift */; };
		F9BEC07D2502362200145B57 /* GoogleService-Info.plist in Resources */ = {isa = PBXBuildFile; fileRef = F9BEC07C2502362200145B57 /* GoogleService-Info.plist */; };
/* End PBXBuildFile section */

/* Begin PBXFileReference section */
		A1DDBA06B54B16C5829461D7 /* Pods-Messenger.release.xcconfig */ = {isa = PBXFileReference; includeInIndex = 1; lastKnownFileType = text.xcconfig; name = "Pods-Messenger.release.xcconfig"; path = "Target Support Files/Pods-Messenger/Pods-Messenger.release.xcconfig"; sourceTree = "<group>"; };
		D8FA5335903C48B0614BAD5F /* Pods_Messenger.framework */ = {isa = PBXFileReference; explicitFileType = wrapper.framework; includeInIndex = 0; path = Pods_Messenger.framework; sourceTree = BUILT_PRODUCTS_DIR; };
		DAA1E91F3E62AA0A30096235 /* Pods-Messenger.debug.xcconfig */ = {isa = PBXFileReference; includeInIndex = 1; lastKnownFileType = text.xcconfig; name = "Pods-Messenger.debug.xcconfig"; path = "Target Support Files/Pods-Messenger/Pods-Messenger.debug.xcconfig"; sourceTree = "<group>"; };
		F9BDE01A2500E5BD0037F421 /* Messenger.app */ = {isa = PBXFileReference; explicitFileType = wrapper.application; includeInIndex = 0; path = Messenger.app; sourceTree = BUILT_PRODUCTS_DIR; };
		F9BDE01D2500E5BD0037F421 /* AppDelegate.swift */ = {isa = PBXFileReference; lastKnownFileType = sourcecode.swift; path = AppDelegate.swift; sourceTree = "<group>"; };
		F9BDE01F2500E5BD0037F421 /* SceneDelegate.swift */ = {isa = PBXFileReference; lastKnownFileType = sourcecode.swift; path = SceneDelegate.swift; sourceTree = "<group>"; };
		F9BDE0212500E5BD0037F421 /* ConversationsViewController.swift */ = {isa = PBXFileReference; lastKnownFileType = sourcecode.swift; path = ConversationsViewController.swift; sourceTree = "<group>"; };
		F9BDE0242500E5BD0037F421 /* Base */ = {isa = PBXFileReference; lastKnownFileType = file.storyboard; name = Base; path = Base.lproj/Main.storyboard; sourceTree = "<group>"; };
		F9BDE0262500E5BE0037F421 /* Assets.xcassets */ = {isa = PBXFileReference; lastKnownFileType = folder.assetcatalog; path = Assets.xcassets; sourceTree = "<group>"; };
		F9BDE0292500E5BE0037F421 /* Base */ = {isa = PBXFileReference; lastKnownFileType = file.storyboard; name = Base; path = Base.lproj/LaunchScreen.storyboard; sourceTree = "<group>"; };
		F9BDE02B2500E5BE0037F421 /* Info.plist */ = {isa = PBXFileReference; lastKnownFileType = text.plist.xml; path = Info.plist; sourceTree = "<group>"; };
		F9BDE0372500E8580037F421 /* LoginViewController.swift */ = {isa = PBXFileReference; lastKnownFileType = sourcecode.swift; path = LoginViewController.swift; sourceTree = "<group>"; };
		F9BDE0392500E8680037F421 /* RegisterViewController.swift */ = {isa = PBXFileReference; lastKnownFileType = sourcecode.swift; path = RegisterViewController.swift; sourceTree = "<group>"; };
		F9BDE03B2500E88A0037F421 /* PhotoViewerViewController.swift */ = {isa = PBXFileReference; lastKnownFileType = sourcecode.swift; path = PhotoViewerViewController.swift; sourceTree = "<group>"; };
		F9BDE03D2500E8970037F421 /* VideoPlayerViewController.swift */ = {isa = PBXFileReference; lastKnownFileType = sourcecode.swift; path = VideoPlayerViewController.swift; sourceTree = "<group>"; };
		F9BDE03F2500E8B10037F421 /* NewConversationViewController.swift */ = {isa = PBXFileReference; lastKnownFileType = sourcecode.swift; path = NewConversationViewController.swift; sourceTree = "<group>"; };
		F9BDE0412500E8C70037F421 /* ProfileViewController.swift */ = {isa = PBXFileReference; lastKnownFileType = sourcecode.swift; path = ProfileViewController.swift; sourceTree = "<group>"; };
		F9BDE0442500EEF10037F421 /* Extensions.swift */ = {isa = PBXFileReference; lastKnownFileType = sourcecode.swift; path = Extensions.swift; sourceTree = "<group>"; };
		F9BEC07C2502362200145B57 /* GoogleService-Info.plist */ = {isa = PBXFileReference; fileEncoding = 4; lastKnownFileType = text.plist.xml; path = "GoogleService-Info.plist"; sourceTree = "<group>"; };
/* End PBXFileReference section */

/* Begin PBXFrameworksBuildPhase section */
		F9BDE0172500E5BD0037F421 /* Frameworks */ = {
			isa = PBXFrameworksBuildPhase;
			buildActionMask = 2147483647;
			files = (
				7120D193529D9846D57E4B7A /* Pods_Messenger.framework in Frameworks */,
			);
			runOnlyForDeploymentPostprocessing = 0;
		};
/* End PBXFrameworksBuildPhase section */

/* Begin PBXGroup section */
		70A24909250B554D2D2A9EC5 /* Frameworks */ = {
			isa = PBXGroup;
			children = (
				D8FA5335903C48B0614BAD5F /* Pods_Messenger.framework */,
			);
			name = Frameworks;
			sourceTree = "<group>";
		};
		AB4ADE0FBC7DEF3E78104B3B /* Pods */ = {
			isa = PBXGroup;
			children = (
				DAA1E91F3E62AA0A30096235 /* Pods-Messenger.debug.xcconfig */,
				A1DDBA06B54B16C5829461D7 /* Pods-Messenger.release.xcconfig */,
			);
			path = Pods;
			sourceTree = "<group>";
		};
		F9BDE0112500E5BD0037F421 = {
			isa = PBXGroup;
			children = (
				F9BDE01C2500E5BD0037F421 /* Messenger */,
				F9BDE01B2500E5BD0037F421 /* Products */,
				AB4ADE0FBC7DEF3E78104B3B /* Pods */,
				70A24909250B554D2D2A9EC5 /* Frameworks */,
			);
			sourceTree = "<group>";
		};
		F9BDE01B2500E5BD0037F421 /* Products */ = {
			isa = PBXGroup;
			children = (
				F9BDE01A2500E5BD0037F421 /* Messenger.app */,
			);
			name = Products;
			sourceTree = "<group>";
		};
		F9BDE01C2500E5BD0037F421 /* Messenger */ = {
			isa = PBXGroup;
			children = (
				F9BEC07C2502362200145B57 /* GoogleService-Info.plist */,
				F9BDE0352500E7300037F421 /* Resources */,
				F9BDE0342500E7280037F421 /* ViewModels */,
				F9BDE0332500E7230037F421 /* Models */,
				F9BDE0322500E71D0037F421 /* Views */,
				F9BDE0312500E7150037F421 /* Controllers */,
				F9BDE02B2500E5BE0037F421 /* Info.plist */,
			);
			path = Messenger;
			sourceTree = "<group>";
		};
		F9BDE0312500E7150037F421 /* Controllers */ = {
			isa = PBXGroup;
			children = (
				F9BDE0212500E5BD0037F421 /* ConversationsViewController.swift */,
				F9BDE0432500E9AC0037F421 /* Login */,
				F9BDE03B2500E88A0037F421 /* PhotoViewerViewController.swift */,
				F9BDE03D2500E8970037F421 /* VideoPlayerViewController.swift */,
				F9BDE03F2500E8B10037F421 /* NewConversationViewController.swift */,
				F9BDE0412500E8C70037F421 /* ProfileViewController.swift */,
			);
			path = Controllers;
			sourceTree = "<group>";
		};
		F9BDE0322500E71D0037F421 /* Views */ = {
			isa = PBXGroup;
			children = (
				F9BDE0362500E7560037F421 /* Storyboards */,
				F9BDE0262500E5BE0037F421 /* Assets.xcassets */,
			);
			path = Views;
			sourceTree = "<group>";
		};
		F9BDE0332500E7230037F421 /* Models */ = {
			isa = PBXGroup;
			children = (
			);
			path = Models;
			sourceTree = "<group>";
		};
		F9BDE0342500E7280037F421 /* ViewModels */ = {
			isa = PBXGroup;
			children = (
			);
			path = ViewModels;
			sourceTree = "<group>";
		};
		F9BDE0352500E7300037F421 /* Resources */ = {
			isa = PBXGroup;
			children = (
				F9BDE01D2500E5BD0037F421 /* AppDelegate.swift */,
				F9BDE01F2500E5BD0037F421 /* SceneDelegate.swift */,
				F9BDE0442500EEF10037F421 /* Extensions.swift */,
			);
			path = Resources;
			sourceTree = "<group>";
		};
		F9BDE0362500E7560037F421 /* Storyboards */ = {
			isa = PBXGroup;
			children = (
				F9BDE0232500E5BD0037F421 /* Main.storyboard */,
				F9BDE0282500E5BE0037F421 /* LaunchScreen.storyboard */,
			);
			path = Storyboards;
			sourceTree = "<group>";
		};
		F9BDE0432500E9AC0037F421 /* Login */ = {
			isa = PBXGroup;
			children = (
				F9BDE0372500E8580037F421 /* LoginViewController.swift */,
				F9BDE0392500E8680037F421 /* RegisterViewController.swift */,
			);
			path = Login;
			sourceTree = "<group>";
		};
/* End PBXGroup section */

/* Begin PBXNativeTarget section */
		F9BDE0192500E5BD0037F421 /* Messenger */ = {
			isa = PBXNativeTarget;
			buildConfigurationList = F9BDE02E2500E5BE0037F421 /* Build configuration list for PBXNativeTarget "Messenger" */;
			buildPhases = (
				D44A75F8C64CB26E5FF6DA07 /* [CP] Check Pods Manifest.lock */,
				F9BDE0162500E5BD0037F421 /* Sources */,
				F9BDE0172500E5BD0037F421 /* Frameworks */,
				F9BDE0182500E5BD0037F421 /* Resources */,
				55A4A2F29B3583EF869A3528 /* [CP] Embed Pods Frameworks */,
			);
			buildRules = (
			);
			dependencies = (
			);
			name = Messenger;
			productName = Messenger;
			productReference = F9BDE01A2500E5BD0037F421 /* Messenger.app */;
			productType = "com.apple.product-type.application";
		};
/* End PBXNativeTarget section */

/* Begin PBXProject section */
		F9BDE0122500E5BD0037F421 /* Project object */ = {
			isa = PBXProject;
			attributes = {
				LastSwiftUpdateCheck = 1160;
				LastUpgradeCheck = 1160;
				ORGANIZATIONNAME = "Jiradet Amornpimonkul";
				TargetAttributes = {
					F9BDE0192500E5BD0037F421 = {
						CreatedOnToolsVersion = 11.6;
					};
				};
			};
			buildConfigurationList = F9BDE0152500E5BD0037F421 /* Build configuration list for PBXProject "Messenger" */;
			compatibilityVersion = "Xcode 9.3";
			developmentRegion = en;
			hasScannedForEncodings = 0;
			knownRegions = (
				en,
				Base,
			);
			mainGroup = F9BDE0112500E5BD0037F421;
			productRefGroup = F9BDE01B2500E5BD0037F421 /* Products */;
			projectDirPath = "";
			projectRoot = "";
			targets = (
				F9BDE0192500E5BD0037F421 /* Messenger */,
			);
		};
/* End PBXProject section */

/* Begin PBXResourcesBuildPhase section */
		F9BDE0182500E5BD0037F421 /* Resources */ = {
			isa = PBXResourcesBuildPhase;
			buildActionMask = 2147483647;
			files = (
				F9BDE02A2500E5BE0037F421 /* LaunchScreen.storyboard in Resources */,
				F9BEC07D2502362200145B57 /* GoogleService-Info.plist in Resources */,
				F9BDE0272500E5BE0037F421 /* Assets.xcassets in Resources */,
				F9BDE0252500E5BD0037F421 /* Main.storyboard in Resources */,
			);
			runOnlyForDeploymentPostprocessing = 0;
		};
/* End PBXResourcesBuildPhase section */

/* Begin PBXShellScriptBuildPhase section */
		55A4A2F29B3583EF869A3528 /* [CP] Embed Pods Frameworks */ = {
			isa = PBXShellScriptBuildPhase;
			buildActionMask = 2147483647;
			files = (
			);
			inputFileListPaths = (
				"${PODS_ROOT}/Target Support Files/Pods-Messenger/Pods-Messenger-frameworks-${CONFIGURATION}-input-files.xcfilelist",
			);
			name = "[CP] Embed Pods Frameworks";
			outputFileListPaths = (
				"${PODS_ROOT}/Target Support Files/Pods-Messenger/Pods-Messenger-frameworks-${CONFIGURATION}-output-files.xcfilelist",
			);
			runOnlyForDeploymentPostprocessing = 0;
			shellPath = /bin/sh;
			shellScript = "\"${PODS_ROOT}/Target Support Files/Pods-Messenger/Pods-Messenger-frameworks.sh\"\n";
			showEnvVarsInLog = 0;
		};
		D44A75F8C64CB26E5FF6DA07 /* [CP] Check Pods Manifest.lock */ = {
			isa = PBXShellScriptBuildPhase;
			buildActionMask = 2147483647;
			files = (
			);
			inputFileListPaths = (
			);
			inputPaths = (
				"${PODS_PODFILE_DIR_PATH}/Podfile.lock",
				"${PODS_ROOT}/Manifest.lock",
			);
			name = "[CP] Check Pods Manifest.lock";
			outputFileListPaths = (
			);
			outputPaths = (
				"$(DERIVED_FILE_DIR)/Pods-Messenger-checkManifestLockResult.txt",
			);
			runOnlyForDeploymentPostprocessing = 0;
			shellPath = /bin/sh;
			shellScript = "diff \"${PODS_PODFILE_DIR_PATH}/Podfile.lock\" \"${PODS_ROOT}/Manifest.lock\" > /dev/null\nif [ $? != 0 ] ; then\n    # print error to STDERR\n    echo \"error: The sandbox is not in sync with the Podfile.lock. Run 'pod install' or update your CocoaPods installation.\" >&2\n    exit 1\nfi\n# This output is used by Xcode 'outputs' to avoid re-running this script phase.\necho \"SUCCESS\" > \"${SCRIPT_OUTPUT_FILE_0}\"\n";
			showEnvVarsInLog = 0;
		};
/* End PBXShellScriptBuildPhase section */

/* Begin PBXSourcesBuildPhase section */
		F9BDE0162500E5BD0037F421 /* Sources */ = {
			isa = PBXSourcesBuildPhase;
			buildActionMask = 2147483647;
			files = (
				F9BDE0382500E8580037F421 /* LoginViewController.swift in Sources */,
				F9BDE03A2500E8680037F421 /* RegisterViewController.swift in Sources */,
				F9BDE0402500E8B10037F421 /* NewConversationViewController.swift in Sources */,
				F9BDE0222500E5BD0037F421 /* ConversationsViewController.swift in Sources */,
				F9BDE03E2500E8970037F421 /* VideoPlayerViewController.swift in Sources */,
				F9BDE0452500EEF10037F421 /* Extensions.swift in Sources */,
				F9BDE01E2500E5BD0037F421 /* AppDelegate.swift in Sources */,
				F9BDE0422500E8C70037F421 /* ProfileViewController.swift in Sources */,
				F9BDE0202500E5BD0037F421 /* SceneDelegate.swift in Sources */,
				F9BDE03C2500E88A0037F421 /* PhotoViewerViewController.swift in Sources */,
			);
			runOnlyForDeploymentPostprocessing = 0;
		};
/* End PBXSourcesBuildPhase section */

/* Begin PBXVariantGroup section */
		F9BDE0232500E5BD0037F421 /* Main.storyboard */ = {
			isa = PBXVariantGroup;
			children = (
				F9BDE0242500E5BD0037F421 /* Base */,
			);
			name = Main.storyboard;
			sourceTree = "<group>";
		};
		F9BDE0282500E5BE0037F421 /* LaunchScreen.storyboard */ = {
			isa = PBXVariantGroup;
			children = (
				F9BDE0292500E5BE0037F421 /* Base */,
			);
			name = LaunchScreen.storyboard;
			sourceTree = "<group>";
		};
/* End PBXVariantGroup section */

/* Begin XCBuildConfiguration section */
		F9BDE02C2500E5BE0037F421 /* Debug */ = {
			isa = XCBuildConfiguration;
			buildSettings = {
				ALWAYS_SEARCH_USER_PATHS = NO;
				CLANG_ANALYZER_NONNULL = YES;
				CLANG_ANALYZER_NUMBER_OBJECT_CONVERSION = YES_AGGRESSIVE;
				CLANG_CXX_LANGUAGE_STANDARD = "gnu++14";
				CLANG_CXX_LIBRARY = "libc++";
				CLANG_ENABLE_MODULES = YES;
				CLANG_ENABLE_OBJC_ARC = YES;
				CLANG_ENABLE_OBJC_WEAK = YES;
				CLANG_WARN_BLOCK_CAPTURE_AUTORELEASING = YES;
				CLANG_WARN_BOOL_CONVERSION = YES;
				CLANG_WARN_COMMA = YES;
				CLANG_WARN_CONSTANT_CONVERSION = YES;
				CLANG_WARN_DEPRECATED_OBJC_IMPLEMENTATIONS = YES;
				CLANG_WARN_DIRECT_OBJC_ISA_USAGE = YES_ERROR;
				CLANG_WARN_DOCUMENTATION_COMMENTS = YES;
				CLANG_WARN_EMPTY_BODY = YES;
				CLANG_WARN_ENUM_CONVERSION = YES;
				CLANG_WARN_INFINITE_RECURSION = YES;
				CLANG_WARN_INT_CONVERSION = YES;
				CLANG_WARN_NON_LITERAL_NULL_CONVERSION = YES;
				CLANG_WARN_OBJC_IMPLICIT_RETAIN_SELF = YES;
				CLANG_WARN_OBJC_LITERAL_CONVERSION = YES;
				CLANG_WARN_OBJC_ROOT_CLASS = YES_ERROR;
				CLANG_WARN_RANGE_LOOP_ANALYSIS = YES;
				CLANG_WARN_STRICT_PROTOTYPES = YES;
				CLANG_WARN_SUSPICIOUS_MOVE = YES;
				CLANG_WARN_UNGUARDED_AVAILABILITY = YES_AGGRESSIVE;
				CLANG_WARN_UNREACHABLE_CODE = YES;
				CLANG_WARN__DUPLICATE_METHOD_MATCH = YES;
				COPY_PHASE_STRIP = NO;
				DEBUG_INFORMATION_FORMAT = dwarf;
				ENABLE_STRICT_OBJC_MSGSEND = YES;
				ENABLE_TESTABILITY = YES;
				GCC_C_LANGUAGE_STANDARD = gnu11;
				GCC_DYNAMIC_NO_PIC = NO;
				GCC_NO_COMMON_BLOCKS = YES;
				GCC_OPTIMIZATION_LEVEL = 0;
				GCC_PREPROCESSOR_DEFINITIONS = (
					"DEBUG=1",
					"$(inherited)",
				);
				GCC_WARN_64_TO_32_BIT_CONVERSION = YES;
				GCC_WARN_ABOUT_RETURN_TYPE = YES_ERROR;
				GCC_WARN_UNDECLARED_SELECTOR = YES;
				GCC_WARN_UNINITIALIZED_AUTOS = YES_AGGRESSIVE;
				GCC_WARN_UNUSED_FUNCTION = YES;
				GCC_WARN_UNUSED_VARIABLE = YES;
				IPHONEOS_DEPLOYMENT_TARGET = 13.6;
				MTL_ENABLE_DEBUG_INFO = INCLUDE_SOURCE;
				MTL_FAST_MATH = YES;
				ONLY_ACTIVE_ARCH = YES;
				SDKROOT = iphoneos;
				SWIFT_ACTIVE_COMPILATION_CONDITIONS = DEBUG;
				SWIFT_OPTIMIZATION_LEVEL = "-Onone";
			};
			name = Debug;
		};
		F9BDE02D2500E5BE0037F421 /* Release */ = {
			isa = XCBuildConfiguration;
			buildSettings = {
				ALWAYS_SEARCH_USER_PATHS = NO;
				CLANG_ANALYZER_NONNULL = YES;
				CLANG_ANALYZER_NUMBER_OBJECT_CONVERSION = YES_AGGRESSIVE;
				CLANG_CXX_LANGUAGE_STANDARD = "gnu++14";
				CLANG_CXX_LIBRARY = "libc++";
				CLANG_ENABLE_MODULES = YES;
				CLANG_ENABLE_OBJC_ARC = YES;
				CLANG_ENABLE_OBJC_WEAK = YES;
				CLANG_WARN_BLOCK_CAPTURE_AUTORELEASING = YES;
				CLANG_WARN_BOOL_CONVERSION = YES;
				CLANG_WARN_COMMA = YES;
				CLANG_WARN_CONSTANT_CONVERSION = YES;
				CLANG_WARN_DEPRECATED_OBJC_IMPLEMENTATIONS = YES;
				CLANG_WARN_DIRECT_OBJC_ISA_USAGE = YES_ERROR;
				CLANG_WARN_DOCUMENTATION_COMMENTS = YES;
				CLANG_WARN_EMPTY_BODY = YES;
				CLANG_WARN_ENUM_CONVERSION = YES;
				CLANG_WARN_INFINITE_RECURSION = YES;
				CLANG_WARN_INT_CONVERSION = YES;
				CLANG_WARN_NON_LITERAL_NULL_CONVERSION = YES;
				CLANG_WARN_OBJC_IMPLICIT_RETAIN_SELF = YES;
				CLANG_WARN_OBJC_LITERAL_CONVERSION = YES;
				CLANG_WARN_OBJC_ROOT_CLASS = YES_ERROR;
				CLANG_WARN_RANGE_LOOP_ANALYSIS = YES;
				CLANG_WARN_STRICT_PROTOTYPES = YES;
				CLANG_WARN_SUSPICIOUS_MOVE = YES;
				CLANG_WARN_UNGUARDED_AVAILABILITY = YES_AGGRESSIVE;
				CLANG_WARN_UNREACHABLE_CODE = YES;
				CLANG_WARN__DUPLICATE_METHOD_MATCH = YES;
				COPY_PHASE_STRIP = NO;
				DEBUG_INFORMATION_FORMAT = "dwarf-with-dsym";
				ENABLE_NS_ASSERTIONS = NO;
				ENABLE_STRICT_OBJC_MSGSEND = YES;
				GCC_C_LANGUAGE_STANDARD = gnu11;
				GCC_NO_COMMON_BLOCKS = YES;
				GCC_WARN_64_TO_32_BIT_CONVERSION = YES;
				GCC_WARN_ABOUT_RETURN_TYPE = YES_ERROR;
				GCC_WARN_UNDECLARED_SELECTOR = YES;
				GCC_WARN_UNINITIALIZED_AUTOS = YES_AGGRESSIVE;
				GCC_WARN_UNUSED_FUNCTION = YES;
				GCC_WARN_UNUSED_VARIABLE = YES;
				IPHONEOS_DEPLOYMENT_TARGET = 13.6;
				MTL_ENABLE_DEBUG_INFO = NO;
				MTL_FAST_MATH = YES;
				SDKROOT = iphoneos;
				SWIFT_COMPILATION_MODE = wholemodule;
				SWIFT_OPTIMIZATION_LEVEL = "-O";
				VALIDATE_PRODUCT = YES;
			};
			name = Release;
		};
		F9BDE02F2500E5BE0037F421 /* Debug */ = {
			isa = XCBuildConfiguration;
			baseConfigurationReference = DAA1E91F3E62AA0A30096235 /* Pods-Messenger.debug.xcconfig */;
			buildSettings = {
				ASSETCATALOG_COMPILER_APPICON_NAME = AppIcon;
				CODE_SIGN_STYLE = Automatic;
				DEVELOPMENT_TEAM = 2T26JN974C;
				INFOPLIST_FILE = Messenger/Info.plist;
				LD_RUNPATH_SEARCH_PATHS = (
					"$(inherited)",
					"@executable_path/Frameworks",
				);
				PRODUCT_BUNDLE_IDENTIFIER = com.omegatoy.Messenger;
				PRODUCT_NAME = "$(TARGET_NAME)";
				SWIFT_VERSION = 5.0;
				TARGETED_DEVICE_FAMILY = "1,2";
			};
			name = Debug;
		};
		F9BDE0302500E5BE0037F421 /* Release */ = {
			isa = XCBuildConfiguration;
			baseConfigurationReference = A1DDBA06B54B16C5829461D7 /* Pods-Messenger.release.xcconfig */;
			buildSettings = {
				ASSETCATALOG_COMPILER_APPICON_NAME = AppIcon;
				CODE_SIGN_STYLE = Automatic;
				DEVELOPMENT_TEAM = 2T26JN974C;
				INFOPLIST_FILE = Messenger/Info.plist;
				LD_RUNPATH_SEARCH_PATHS = (
					"$(inherited)",
					"@executable_path/Frameworks",
				);
				PRODUCT_BUNDLE_IDENTIFIER = com.omegatoy.Messenger;
				PRODUCT_NAME = "$(TARGET_NAME)";
				SWIFT_VERSION = 5.0;
				TARGETED_DEVICE_FAMILY = "1,2";
			};
			name = Release;
		};
/* End XCBuildConfiguration section */

/* Begin XCConfigurationList section */
		F9BDE0152500E5BD0037F421 /* Build configuration list for PBXProject "Messenger" */ = {
			isa = XCConfigurationList;
			buildConfigurations = (
				F9BDE02C2500E5BE0037F421 /* Debug */,
				F9BDE02D2500E5BE0037F421 /* Release */,
			);
			defaultConfigurationIsVisible = 0;
			defaultConfigurationName = Release;
		};
		F9BDE02E2500E5BE0037F421 /* Build configuration list for PBXNativeTarget "Messenger" */ = {
			isa = XCConfigurationList;
			buildConfigurations = (
				F9BDE02F2500E5BE0037F421 /* Debug */,
				F9BDE0302500E5BE0037F421 /* Release */,
			);
			defaultConfigurationIsVisible = 0;
			defaultConfigurationName = Release;
		};
/* End XCConfigurationList section */
	};
	rootObject = F9BDE0122500E5BD0037F421 /* Project object */;
}
